// !$*UTF8*$!
{
	archiveVersion = 1;
	classes = {
	};
	objectVersion = 50;
	objects = {

/* Begin PBXBuildFile section */
		0DF0DD7322322A3BAD55C123 /* Pods_smack.framework in Frameworks */ = {isa = PBXBuildFile; fileRef = 2A11552801EF73ED920D47C7 /* Pods_smack.framework */; };
		69FC55A1221E4FAB002242A7 /* AppDelegate.swift in Sources */ = {isa = PBXBuildFile; fileRef = 69FC55A0221E4FAB002242A7 /* AppDelegate.swift */; };
		69FC55A3221E4FAB002242A7 /* ViewController.swift in Sources */ = {isa = PBXBuildFile; fileRef = 69FC55A2221E4FAB002242A7 /* ViewController.swift */; };
		69FC55A6221E4FAB002242A7 /* Main.storyboard in Resources */ = {isa = PBXBuildFile; fileRef = 69FC55A4221E4FAB002242A7 /* Main.storyboard */; };
		69FC55A8221E4FAC002242A7 /* Assets.xcassets in Resources */ = {isa = PBXBuildFile; fileRef = 69FC55A7221E4FAC002242A7 /* Assets.xcassets */; };
		69FC55AB221E4FAC002242A7 /* LaunchScreen.storyboard in Resources */ = {isa = PBXBuildFile; fileRef = 69FC55A9221E4FAC002242A7 /* LaunchScreen.storyboard */; };
		69FC55B6221E554D002242A7 /* SWRevealViewController.m in Sources */ = {isa = PBXBuildFile; fileRef = 69FC55B4221E554D002242A7 /* SWRevealViewController.m */; };
		69FC55BB221E57E4002242A7 /* ChatVC.swift in Sources */ = {isa = PBXBuildFile; fileRef = 69FC55BA221E57E4002242A7 /* ChatVC.swift */; };
		69FC55BD221E57FA002242A7 /* ChannelVC.swift in Sources */ = {isa = PBXBuildFile; fileRef = 69FC55BC221E57FA002242A7 /* ChannelVC.swift */; };
		69FC55BF221E5FDF002242A7 /* GradientView.swift in Sources */ = {isa = PBXBuildFile; fileRef = 69FC55BE221E5FDF002242A7 /* GradientView.swift */; };
/* End PBXBuildFile section */

/* Begin PBXFileReference section */
		09B26197A75F2CB46E25802A /* Pods-smack.release.xcconfig */ = {isa = PBXFileReference; includeInIndex = 1; lastKnownFileType = text.xcconfig; name = "Pods-smack.release.xcconfig"; path = "Pods/Target Support Files/Pods-smack/Pods-smack.release.xcconfig"; sourceTree = "<group>"; };
		2A11552801EF73ED920D47C7 /* Pods_smack.framework */ = {isa = PBXFileReference; explicitFileType = wrapper.framework; includeInIndex = 0; path = Pods_smack.framework; sourceTree = BUILT_PRODUCTS_DIR; };
		69FC559D221E4FAB002242A7 /* smack.app */ = {isa = PBXFileReference; explicitFileType = wrapper.application; includeInIndex = 0; path = smack.app; sourceTree = BUILT_PRODUCTS_DIR; };
		69FC55A0221E4FAB002242A7 /* AppDelegate.swift */ = {isa = PBXFileReference; lastKnownFileType = sourcecode.swift; path = AppDelegate.swift; sourceTree = "<group>"; };
		69FC55A2221E4FAB002242A7 /* ViewController.swift */ = {isa = PBXFileReference; lastKnownFileType = sourcecode.swift; path = ViewController.swift; sourceTree = "<group>"; };
		69FC55A5221E4FAB002242A7 /* Base */ = {isa = PBXFileReference; lastKnownFileType = file.storyboard; name = Base; path = Base.lproj/Main.storyboard; sourceTree = "<group>"; };
		69FC55A7221E4FAC002242A7 /* Assets.xcassets */ = {isa = PBXFileReference; lastKnownFileType = folder.assetcatalog; path = Assets.xcassets; sourceTree = "<group>"; };
		69FC55AA221E4FAC002242A7 /* Base */ = {isa = PBXFileReference; lastKnownFileType = file.storyboard; name = Base; path = Base.lproj/LaunchScreen.storyboard; sourceTree = "<group>"; };
		69FC55AC221E4FAC002242A7 /* Info.plist */ = {isa = PBXFileReference; lastKnownFileType = text.plist.xml; path = Info.plist; sourceTree = "<group>"; };
		69FC55B3221E554C002242A7 /* smack-Bridging-Header.h */ = {isa = PBXFileReference; lastKnownFileType = sourcecode.c.h; path = "smack-Bridging-Header.h"; sourceTree = "<group>"; };
		69FC55B4221E554D002242A7 /* SWRevealViewController.m */ = {isa = PBXFileReference; fileEncoding = 4; lastKnownFileType = sourcecode.c.objc; path = SWRevealViewController.m; sourceTree = "<group>"; };
		69FC55B5221E554D002242A7 /* SWRevealViewController.h */ = {isa = PBXFileReference; fileEncoding = 4; lastKnownFileType = sourcecode.c.h; path = SWRevealViewController.h; sourceTree = "<group>"; };
		69FC55BA221E57E4002242A7 /* ChatVC.swift */ = {isa = PBXFileReference; lastKnownFileType = sourcecode.swift; path = ChatVC.swift; sourceTree = "<group>"; };
		69FC55BC221E57FA002242A7 /* ChannelVC.swift */ = {isa = PBXFileReference; lastKnownFileType = sourcecode.swift; path = ChannelVC.swift; sourceTree = "<group>"; };
		69FC55BE221E5FDF002242A7 /* GradientView.swift */ = {isa = PBXFileReference; lastKnownFileType = sourcecode.swift; path = GradientView.swift; sourceTree = "<group>"; };
		6BB33FE39B235F271BFEFCC3 /* Pods-smack.debug.xcconfig */ = {isa = PBXFileReference; includeInIndex = 1; lastKnownFileType = text.xcconfig; name = "Pods-smack.debug.xcconfig"; path = "Pods/Target Support Files/Pods-smack/Pods-smack.debug.xcconfig"; sourceTree = "<group>"; };
/* End PBXFileReference section */

/* Begin PBXFrameworksBuildPhase section */
		69FC559A221E4FAB002242A7 /* Frameworks */ = {
			isa = PBXFrameworksBuildPhase;
			buildActionMask = 2147483647;
			files = (
				0DF0DD7322322A3BAD55C123 /* Pods_smack.framework in Frameworks */,
			);
			runOnlyForDeploymentPostprocessing = 0;
		};
/* End PBXFrameworksBuildPhase section */

/* Begin PBXGroup section */
		21995A89C170539D856AFC81 /* Frameworks */ = {
			isa = PBXGroup;
			children = (
				2A11552801EF73ED920D47C7 /* Pods_smack.framework */,
			);
			name = Frameworks;
			sourceTree = "<group>";
		};
		69FC5594221E4FAB002242A7 = {
			isa = PBXGroup;
			children = (
				69FC559F221E4FAB002242A7 /* smack */,
				69FC55B9221E57B6002242A7 /* Model */,
				69FC55B8221E57AE002242A7 /* View */,
				69FC55B7221E579B002242A7 /* Controller */,
				69FC55B2221E5511002242A7 /* Supporting File */,
				69FC559E221E4FAB002242A7 /* Products */,
				BDB86C4673E1F0CB946078C7 /* Pods */,
				21995A89C170539D856AFC81 /* Frameworks */,
			);
			sourceTree = "<group>";
		};
		69FC559E221E4FAB002242A7 /* Products */ = {
			isa = PBXGroup;
			children = (
				69FC559D221E4FAB002242A7 /* smack.app */,
			);
			name = Products;
			sourceTree = "<group>";
		};
		69FC559F221E4FAB002242A7 /* smack */ = {
			isa = PBXGroup;
			children = (
				69FC55A0221E4FAB002242A7 /* AppDelegate.swift */,
				69FC55A2221E4FAB002242A7 /* ViewController.swift */,
				69FC55A4221E4FAB002242A7 /* Main.storyboard */,
				69FC55A7221E4FAC002242A7 /* Assets.xcassets */,
				69FC55A9221E4FAC002242A7 /* LaunchScreen.storyboard */,
				69FC55AC221E4FAC002242A7 /* Info.plist */,
			);
			path = smack;
			sourceTree = "<group>";
		};
		69FC55B2221E5511002242A7 /* Supporting File */ = {
			isa = PBXGroup;
			children = (
				69FC55B5221E554D002242A7 /* SWRevealViewController.h */,
				69FC55B4221E554D002242A7 /* SWRevealViewController.m */,
				69FC55B3221E554C002242A7 /* smack-Bridging-Header.h */,
			);
			path = "Supporting File";
			sourceTree = "<group>";
		};
		69FC55B7221E579B002242A7 /* Controller */ = {
			isa = PBXGroup;
			children = (
				69FC55BA221E57E4002242A7 /* ChatVC.swift */,
				69FC55BC221E57FA002242A7 /* ChannelVC.swift */,
			);
			path = Controller;
			sourceTree = "<group>";
		};
		69FC55B8221E57AE002242A7 /* View */ = {
			isa = PBXGroup;
			children = (
				69FC55BE221E5FDF002242A7 /* GradientView.swift */,
			);
			path = View;
			sourceTree = "<group>";
		};
		69FC55B9221E57B6002242A7 /* Model */ = {
			isa = PBXGroup;
			children = (
			);
			path = Model;
			sourceTree = "<group>";
		};
		BDB86C4673E1F0CB946078C7 /* Pods */ = {
			isa = PBXGroup;
			children = (
				6BB33FE39B235F271BFEFCC3 /* Pods-smack.debug.xcconfig */,
				09B26197A75F2CB46E25802A /* Pods-smack.release.xcconfig */,
			);
			name = Pods;
			sourceTree = "<group>";
		};
/* End PBXGroup section */

/* Begin PBXNativeTarget section */
		69FC559C221E4FAB002242A7 /* smack */ = {
			isa = PBXNativeTarget;
			buildConfigurationList = 69FC55AF221E4FAC002242A7 /* Build configuration list for PBXNativeTarget "smack" */;
			buildPhases = (
				583B6E7B2765166EAAAB0236 /* [CP] Check Pods Manifest.lock */,
				69FC5599221E4FAB002242A7 /* Sources */,
				69FC559A221E4FAB002242A7 /* Frameworks */,
				69FC559B221E4FAB002242A7 /* Resources */,
				DBC092D6A8D05BB205804E9E /* [CP] Embed Pods Frameworks */,
			);
			buildRules = (
			);
			dependencies = (
			);
			name = smack;
			productName = smack;
			productReference = 69FC559D221E4FAB002242A7 /* smack.app */;
			productType = "com.apple.product-type.application";
		};
/* End PBXNativeTarget section */

/* Begin PBXProject section */
		69FC5595221E4FAB002242A7 /* Project object */ = {
			isa = PBXProject;
			attributes = {
				LastSwiftUpdateCheck = 1010;
				LastUpgradeCheck = 1010;
				ORGANIZATIONNAME = "張書涵";
				TargetAttributes = {
					69FC559C221E4FAB002242A7 = {
						CreatedOnToolsVersion = 10.1;
						LastSwiftMigration = 1010;
					};
				};
			};
			buildConfigurationList = 69FC5598221E4FAB002242A7 /* Build configuration list for PBXProject "smack" */;
			compatibilityVersion = "Xcode 9.3";
			developmentRegion = en;
			hasScannedForEncodings = 0;
			knownRegions = (
				en,
				Base,
			);
			mainGroup = 69FC5594221E4FAB002242A7;
			productRefGroup = 69FC559E221E4FAB002242A7 /* Products */;
			projectDirPath = "";
			projectRoot = "";
			targets = (
				69FC559C221E4FAB002242A7 /* smack */,
			);
		};
/* End PBXProject section */

/* Begin PBXResourcesBuildPhase section */
		69FC559B221E4FAB002242A7 /* Resources */ = {
			isa = PBXResourcesBuildPhase;
			buildActionMask = 2147483647;
			files = (
				69FC55AB221E4FAC002242A7 /* LaunchScreen.storyboard in Resources */,
				69FC55A8221E4FAC002242A7 /* Assets.xcassets in Resources */,
				69FC55A6221E4FAB002242A7 /* Main.storyboard in Resources */,
			);
			runOnlyForDeploymentPostprocessing = 0;
		};
/* End PBXResourcesBuildPhase section */

/* Begin PBXShellScriptBuildPhase section */
		583B6E7B2765166EAAAB0236 /* [CP] Check Pods Manifest.lock */ = {
			isa = PBXShellScriptBuildPhase;
			buildActionMask = 2147483647;
			files = (
			);
			inputFileListPaths = (
			);
			inputPaths = (
				"${PODS_PODFILE_DIR_PATH}/Podfile.lock",
				"${PODS_ROOT}/Manifest.lock",
			);
			name = "[CP] Check Pods Manifest.lock";
			outputFileListPaths = (
			);
			outputPaths = (
				"$(DERIVED_FILE_DIR)/Pods-smack-checkManifestLockResult.txt",
			);
			runOnlyForDeploymentPostprocessing = 0;
			shellPath = /bin/sh;
			shellScript = "diff \"${PODS_PODFILE_DIR_PATH}/Podfile.lock\" \"${PODS_ROOT}/Manifest.lock\" > /dev/null\nif [ $? != 0 ] ; then\n    # print error to STDERR\n    echo \"error: The sandbox is not in sync with the Podfile.lock. Run 'pod install' or update your CocoaPods installation.\" >&2\n    exit 1\nfi\n# This output is used by Xcode 'outputs' to avoid re-running this script phase.\necho \"SUCCESS\" > \"${SCRIPT_OUTPUT_FILE_0}\"\n";
			showEnvVarsInLog = 0;
		};
		DBC092D6A8D05BB205804E9E /* [CP] Embed Pods Frameworks */ = {
			isa = PBXShellScriptBuildPhase;
			buildActionMask = 2147483647;
			files = (
			);
			inputFileListPaths = (
			);
			inputPaths = (
				"${SRCROOT}/Pods/Target Support Files/Pods-smack/Pods-smack-frameworks.sh",
				"${BUILT_PRODUCTS_DIR}/Alamofire/Alamofire.framework",
				"${BUILT_PRODUCTS_DIR}/Socket.IO-Client-Swift/SocketIO.framework",
				"${BUILT_PRODUCTS_DIR}/Starscream/Starscream.framework",
				"${BUILT_PRODUCTS_DIR}/SwiftyJSON/SwiftyJSON.framework",
			);
			name = "[CP] Embed Pods Frameworks";
			outputFileListPaths = (
			);
			outputPaths = (
				"${TARGET_BUILD_DIR}/${FRAMEWORKS_FOLDER_PATH}/Alamofire.framework",
				"${TARGET_BUILD_DIR}/${FRAMEWORKS_FOLDER_PATH}/SocketIO.framework",
				"${TARGET_BUILD_DIR}/${FRAMEWORKS_FOLDER_PATH}/Starscream.framework",
				"${TARGET_BUILD_DIR}/${FRAMEWORKS_FOLDER_PATH}/SwiftyJSON.framework",
			);
			runOnlyForDeploymentPostprocessing = 0;
			shellPath = /bin/sh;
			shellScript = "\"${SRCROOT}/Pods/Target Support Files/Pods-smack/Pods-smack-frameworks.sh\"\n";
			showEnvVarsInLog = 0;
		};
/* End PBXShellScriptBuildPhase section */

/* Begin PBXSourcesBuildPhase section */
		69FC5599221E4FAB002242A7 /* Sources */ = {
			isa = PBXSourcesBuildPhase;
			buildActionMask = 2147483647;
			files = (
				69FC55BB221E57E4002242A7 /* ChatVC.swift in Sources */,
				69FC55A3221E4FAB002242A7 /* ViewController.swift in Sources */,
				69FC55BF221E5FDF002242A7 /* GradientView.swift in Sources */,
				69FC55A1221E4FAB002242A7 /* AppDelegate.swift in Sources */,
				69FC55B6221E554D002242A7 /* SWRevealViewController.m in Sources */,
				69FC55BD221E57FA002242A7 /* ChannelVC.swift in Sources */,
			);
			runOnlyForDeploymentPostprocessing = 0;
		};
/* End PBXSourcesBuildPhase section */

/* Begin PBXVariantGroup section */
		69FC55A4221E4FAB002242A7 /* Main.storyboard */ = {
			isa = PBXVariantGroup;
			children = (
				69FC55A5221E4FAB002242A7 /* Base */,
			);
			name = Main.storyboard;
			sourceTree = "<group>";
		};
		69FC55A9221E4FAC002242A7 /* LaunchScreen.storyboard */ = {
			isa = PBXVariantGroup;
			children = (
				69FC55AA221E4FAC002242A7 /* Base */,
			);
			name = LaunchScreen.storyboard;
			sourceTree = "<group>";
		};
/* End PBXVariantGroup section */

/* Begin XCBuildConfiguration section */
		69FC55AD221E4FAC002242A7 /* Debug */ = {
			isa = XCBuildConfiguration;
			buildSettings = {
				ALWAYS_SEARCH_USER_PATHS = NO;
				CLANG_ANALYZER_NONNULL = YES;
				CLANG_ANALYZER_NUMBER_OBJECT_CONVERSION = YES_AGGRESSIVE;
				CLANG_CXX_LANGUAGE_STANDARD = "gnu++14";
				CLANG_CXX_LIBRARY = "libc++";
				CLANG_ENABLE_MODULES = YES;
				CLANG_ENABLE_OBJC_ARC = YES;
				CLANG_ENABLE_OBJC_WEAK = YES;
				CLANG_WARN_BLOCK_CAPTURE_AUTORELEASING = YES;
				CLANG_WARN_BOOL_CONVERSION = YES;
				CLANG_WARN_COMMA = YES;
				CLANG_WARN_CONSTANT_CONVERSION = YES;
				CLANG_WARN_DEPRECATED_OBJC_IMPLEMENTATIONS = YES;
				CLANG_WARN_DIRECT_OBJC_ISA_USAGE = YES_ERROR;
				CLANG_WARN_DOCUMENTATION_COMMENTS = YES;
				CLANG_WARN_EMPTY_BODY = YES;
				CLANG_WARN_ENUM_CONVERSION = YES;
				CLANG_WARN_INFINITE_RECURSION = YES;
				CLANG_WARN_INT_CONVERSION = YES;
				CLANG_WARN_NON_LITERAL_NULL_CONVERSION = YES;
				CLANG_WARN_OBJC_IMPLICIT_RETAIN_SELF = YES;
				CLANG_WARN_OBJC_LITERAL_CONVERSION = YES;
				CLANG_WARN_OBJC_ROOT_CLASS = YES_ERROR;
				CLANG_WARN_RANGE_LOOP_ANALYSIS = YES;
				CLANG_WARN_STRICT_PROTOTYPES = YES;
				CLANG_WARN_SUSPICIOUS_MOVE = YES;
				CLANG_WARN_UNGUARDED_AVAILABILITY = YES_AGGRESSIVE;
				CLANG_WARN_UNREACHABLE_CODE = YES;
				CLANG_WARN__DUPLICATE_METHOD_MATCH = YES;
				CODE_SIGN_IDENTITY = "iPhone Developer";
				COPY_PHASE_STRIP = NO;
				DEBUG_INFORMATION_FORMAT = dwarf;
				ENABLE_STRICT_OBJC_MSGSEND = YES;
				ENABLE_TESTABILITY = YES;
				GCC_C_LANGUAGE_STANDARD = gnu11;
				GCC_DYNAMIC_NO_PIC = NO;
				GCC_NO_COMMON_BLOCKS = YES;
				GCC_OPTIMIZATION_LEVEL = 0;
				GCC_PREPROCESSOR_DEFINITIONS = (
					"DEBUG=1",
					"$(inherited)",
				);
				GCC_WARN_64_TO_32_BIT_CONVERSION = YES;
				GCC_WARN_ABOUT_RETURN_TYPE = YES_ERROR;
				GCC_WARN_UNDECLARED_SELECTOR = YES;
				GCC_WARN_UNINITIALIZED_AUTOS = YES_AGGRESSIVE;
				GCC_WARN_UNUSED_FUNCTION = YES;
				GCC_WARN_UNUSED_VARIABLE = YES;
				IPHONEOS_DEPLOYMENT_TARGET = 12.1;
				MTL_ENABLE_DEBUG_INFO = INCLUDE_SOURCE;
				MTL_FAST_MATH = YES;
				ONLY_ACTIVE_ARCH = YES;
				SDKROOT = iphoneos;
				SWIFT_ACTIVE_COMPILATION_CONDITIONS = DEBUG;
				SWIFT_OPTIMIZATION_LEVEL = "-Onone";
			};
			name = Debug;
		};
		69FC55AE221E4FAC002242A7 /* Release */ = {
			isa = XCBuildConfiguration;
			buildSettings = {
				ALWAYS_SEARCH_USER_PATHS = NO;
				CLANG_ANALYZER_NONNULL = YES;
				CLANG_ANALYZER_NUMBER_OBJECT_CONVERSION = YES_AGGRESSIVE;
				CLANG_CXX_LANGUAGE_STANDARD = "gnu++14";
				CLANG_CXX_LIBRARY = "libc++";
				CLANG_ENABLE_MODULES = YES;
				CLANG_ENABLE_OBJC_ARC = YES;
				CLANG_ENABLE_OBJC_WEAK = YES;
				CLANG_WARN_BLOCK_CAPTURE_AUTORELEASING = YES;
				CLANG_WARN_BOOL_CONVERSION = YES;
				CLANG_WARN_COMMA = YES;
				CLANG_WARN_CONSTANT_CONVERSION = YES;
				CLANG_WARN_DEPRECATED_OBJC_IMPLEMENTATIONS = YES;
				CLANG_WARN_DIRECT_OBJC_ISA_USAGE = YES_ERROR;
				CLANG_WARN_DOCUMENTATION_COMMENTS = YES;
				CLANG_WARN_EMPTY_BODY = YES;
				CLANG_WARN_ENUM_CONVERSION = YES;
				CLANG_WARN_INFINITE_RECURSION = YES;
				CLANG_WARN_INT_CONVERSION = YES;
				CLANG_WARN_NON_LITERAL_NULL_CONVERSION = YES;
				CLANG_WARN_OBJC_IMPLICIT_RETAIN_SELF = YES;
				CLANG_WARN_OBJC_LITERAL_CONVERSION = YES;
				CLANG_WARN_OBJC_ROOT_CLASS = YES_ERROR;
				CLANG_WARN_RANGE_LOOP_ANALYSIS = YES;
				CLANG_WARN_STRICT_PROTOTYPES = YES;
				CLANG_WARN_SUSPICIOUS_MOVE = YES;
				CLANG_WARN_UNGUARDED_AVAILABILITY = YES_AGGRESSIVE;
				CLANG_WARN_UNREACHABLE_CODE = YES;
				CLANG_WARN__DUPLICATE_METHOD_MATCH = YES;
				CODE_SIGN_IDENTITY = "iPhone Developer";
				COPY_PHASE_STRIP = NO;
				DEBUG_INFORMATION_FORMAT = "dwarf-with-dsym";
				ENABLE_NS_ASSERTIONS = NO;
				ENABLE_STRICT_OBJC_MSGSEND = YES;
				GCC_C_LANGUAGE_STANDARD = gnu11;
				GCC_NO_COMMON_BLOCKS = YES;
				GCC_WARN_64_TO_32_BIT_CONVERSION = YES;
				GCC_WARN_ABOUT_RETURN_TYPE = YES_ERROR;
				GCC_WARN_UNDECLARED_SELECTOR = YES;
				GCC_WARN_UNINITIALIZED_AUTOS = YES_AGGRESSIVE;
				GCC_WARN_UNUSED_FUNCTION = YES;
				GCC_WARN_UNUSED_VARIABLE = YES;
				IPHONEOS_DEPLOYMENT_TARGET = 12.1;
				MTL_ENABLE_DEBUG_INFO = NO;
				MTL_FAST_MATH = YES;
				SDKROOT = iphoneos;
				SWIFT_COMPILATION_MODE = wholemodule;
				SWIFT_OPTIMIZATION_LEVEL = "-O";
				VALIDATE_PRODUCT = YES;
			};
			name = Release;
		};
		69FC55B0221E4FAC002242A7 /* Debug */ = {
			isa = XCBuildConfiguration;
			baseConfigurationReference = 6BB33FE39B235F271BFEFCC3 /* Pods-smack.debug.xcconfig */;
			buildSettings = {
				ASSETCATALOG_COMPILER_APPICON_NAME = AppIcon;
				CLANG_ENABLE_MODULES = YES;
				CODE_SIGN_STYLE = Automatic;
				DEVELOPMENT_TEAM = CHZWYBA9N7;
				INFOPLIST_FILE = smack/Info.plist;
				LD_RUNPATH_SEARCH_PATHS = (
					"$(inherited)",
					"@executable_path/Frameworks",
				);
				PRODUCT_BUNDLE_IDENTIFIER = Alice.smack;
				PRODUCT_NAME = "$(TARGET_NAME)";
				SWIFT_OBJC_BRIDGING_HEADER = "Supporting File/smack-Bridging-Header.h";
				SWIFT_OPTIMIZATION_LEVEL = "-Onone";
				SWIFT_VERSION = 4.2;
				TARGETED_DEVICE_FAMILY = "1,2";
			};
			name = Debug;
		};
		69FC55B1221E4FAC002242A7 /* Release */ = {
			isa = XCBuildConfiguration;
			baseConfigurationReference = 09B26197A75F2CB46E25802A /* Pods-smack.release.xcconfig */;
			buildSettings = {
				ASSETCATALOG_COMPILER_APPICON_NAME = AppIcon;
				CLANG_ENABLE_MODULES = YES;
				CODE_SIGN_STYLE = Automatic;
				DEVELOPMENT_TEAM = CHZWYBA9N7;
				INFOPLIST_FILE = smack/Info.plist;
				LD_RUNPATH_SEARCH_PATHS = (
					"$(inherited)",
					"@executable_path/Frameworks",
				);
				PRODUCT_BUNDLE_IDENTIFIER = Alice.smack;
				PRODUCT_NAME = "$(TARGET_NAME)";
				SWIFT_OBJC_BRIDGING_HEADER = "Supporting File/smack-Bridging-Header.h";
				SWIFT_VERSION = 4.2;
				TARGETED_DEVICE_FAMILY = "1,2";
			};
			name = Release;
		};
/* End XCBuildConfiguration section */

/* Begin XCConfigurationList section */
		69FC5598221E4FAB002242A7 /* Build configuration list for PBXProject "smack" */ = {
			isa = XCConfigurationList;
			buildConfigurations = (
				69FC55AD221E4FAC002242A7 /* Debug */,
				69FC55AE221E4FAC002242A7 /* Release */,
			);
			defaultConfigurationIsVisible = 0;
			defaultConfigurationName = Release;
		};
		69FC55AF221E4FAC002242A7 /* Build configuration list for PBXNativeTarget "smack" */ = {
			isa = XCConfigurationList;
			buildConfigurations = (
				69FC55B0221E4FAC002242A7 /* Debug */,
				69FC55B1221E4FAC002242A7 /* Release */,
			);
			defaultConfigurationIsVisible = 0;
			defaultConfigurationName = Release;
		};
/* End XCConfigurationList section */
	};
	rootObject = 69FC5595221E4FAB002242A7 /* Project object */;
}
